
Microsoft Visual Studio Solution File, Format Version 12.00
# Visual Studio Version 16
VisualStudioVersion = 16.0.31911.196
MinimumVisualStudioVersion = 10.0.40219.1
Project("{FAE04EC0-301F-11D3-BF4B-00C04F79EFBC}") = "AppPost", "AppPost\AppPost.csproj", "{7CC4605F-7658-4FAF-8300-75E516960511}"
EndProject
Global
	GlobalSection(SolutionConfigurationPlatforms) = preSolution
		Debug|Any CPU = Debug|Any CPU
		Release|Any CPU = Release|Any CPU
	EndGlobalSection
	GlobalSection(ProjectConfigurationPlatforms) = postSolution
		{7CC4605F-7658-4FAF-8300-75E516960511}.Debug|Any CPU.ActiveCfg = Debug|Any CPU
		{7CC4605F-7658-4FAF-8300-75E516960511}.Debug|Any CPU.Build.0 = Debug|Any CPU
		{7CC4605F-7658-4FAF-8300-75E516960511}.Release|Any CPU.ActiveCfg = Release|Any CPU
		{7CC4605F-7658-4FAF-8300-75E516960511}.Release|Any CPU.Build.0 = Release|Any CPU
	EndGlobalSection
	GlobalSection(SolutionProperties) = preSolution
		HideSolutionNode = FALSE
	EndGlobalSection
	GlobalSection(ExtensibilityGlobals) = postSolution
		SolutionGuid = {ADF872C8-677B-4C86-B3A3-830A349DCBB6}
	EndGlobalSection
EndGlobal
