
Microsoft Visual Studio Solution File, Format Version 12.00
# Visual Studio Version 16
VisualStudioVersion = 16.0.32002.261
MinimumVisualStudioVersion = 10.0.40219.1
Project("{FAE04EC0-301F-11D3-BF4B-00C04F79EFBC}") = "CalculaImposto", "CalculaImposto\CalculaImposto.csproj", "{D82597AF-F326-4056-B9F3-BC9615AE531B}"
EndProject
Global
	GlobalSection(SolutionConfigurationPlatforms) = preSolution
		Debug|Any CPU = Debug|Any CPU
		Release|Any CPU = Release|Any CPU
	EndGlobalSection
	GlobalSection(ProjectConfigurationPlatforms) = postSolution
		{D82597AF-F326-4056-B9F3-BC9615AE531B}.Debug|Any CPU.ActiveCfg = Debug|Any CPU
		{D82597AF-F326-4056-B9F3-BC9615AE531B}.Debug|Any CPU.Build.0 = Debug|Any CPU
		{D82597AF-F326-4056-B9F3-BC9615AE531B}.Release|Any CPU.ActiveCfg = Release|Any CPU
		{D82597AF-F326-4056-B9F3-BC9615AE531B}.Release|Any CPU.Build.0 = Release|Any CPU
	EndGlobalSection
	GlobalSection(SolutionProperties) = preSolution
		HideSolutionNode = FALSE
	EndGlobalSection
	GlobalSection(ExtensibilityGlobals) = postSolution
		SolutionGuid = {DFF024D1-607E-42B1-877B-53050C796779}
	EndGlobalSection
EndGlobal
