
Microsoft Visual Studio Solution File, Format Version 12.00
# Visual Studio Version 16
VisualStudioVersion = 16.0.31911.196
MinimumVisualStudioVersion = 10.0.40219.1
Project("{FAE04EC0-301F-11D3-BF4B-00C04F79EFBC}") = "Desafio1_Retangulo", "Desafio1_Retangulo\Desafio1_Retangulo.csproj", "{821405D9-9FC3-4277-A902-04DADBCDF001}"
EndProject
Project("{FAE04EC0-301F-11D3-BF4B-00C04F79EFBC}") = "Desafio2_Funcionario", "Desafio2_Funcionario\Desafio2_Funcionario.csproj", "{3E621140-07ED-4479-8EBF-88D44EE4ED9B}"
EndProject
Global
	GlobalSection(SolutionConfigurationPlatforms) = preSolution
		Debug|Any CPU = Debug|Any CPU
		Release|Any CPU = Release|Any CPU
	EndGlobalSection
	GlobalSection(ProjectConfigurationPlatforms) = postSolution
		{821405D9-9FC3-4277-A902-04DADBCDF001}.Debug|Any CPU.ActiveCfg = Debug|Any CPU
		{821405D9-9FC3-4277-A902-04DADBCDF001}.Debug|Any CPU.Build.0 = Debug|Any CPU
		{821405D9-9FC3-4277-A902-04DADBCDF001}.Release|Any CPU.ActiveCfg = Release|Any CPU
		{821405D9-9FC3-4277-A902-04DADBCDF001}.Release|Any CPU.Build.0 = Release|Any CPU
		{3E621140-07ED-4479-8EBF-88D44EE4ED9B}.Debug|Any CPU.ActiveCfg = Debug|Any CPU
		{3E621140-07ED-4479-8EBF-88D44EE4ED9B}.Debug|Any CPU.Build.0 = Debug|Any CPU
		{3E621140-07ED-4479-8EBF-88D44EE4ED9B}.Release|Any CPU.ActiveCfg = Release|Any CPU
		{3E621140-07ED-4479-8EBF-88D44EE4ED9B}.Release|Any CPU.Build.0 = Release|Any CPU
	EndGlobalSection
	GlobalSection(SolutionProperties) = preSolution
		HideSolutionNode = FALSE
	EndGlobalSection
	GlobalSection(ExtensibilityGlobals) = postSolution
		SolutionGuid = {CD454018-AED5-44C8-96B7-AF7AC948B0FF}
	EndGlobalSection
EndGlobal
