
Microsoft Visual Studio Solution File, Format Version 12.00
# Visual Studio Version 16
VisualStudioVersion = 16.0.32002.261
MinimumVisualStudioVersion = 10.0.40219.1
Project("{FAE04EC0-301F-11D3-BF4B-00C04F79EFBC}") = "Conta", "Conta\Conta.csproj", "{E7030559-FF48-4D23-83C5-D49F2DEBB64F}"
EndProject
Global
	GlobalSection(SolutionConfigurationPlatforms) = preSolution
		Debug|Any CPU = Debug|Any CPU
		Release|Any CPU = Release|Any CPU
	EndGlobalSection
	GlobalSection(ProjectConfigurationPlatforms) = postSolution
		{E7030559-FF48-4D23-83C5-D49F2DEBB64F}.Debug|Any CPU.ActiveCfg = Debug|Any CPU
		{E7030559-FF48-4D23-83C5-D49F2DEBB64F}.Debug|Any CPU.Build.0 = Debug|Any CPU
		{E7030559-FF48-4D23-83C5-D49F2DEBB64F}.Release|Any CPU.ActiveCfg = Release|Any CPU
		{E7030559-FF48-4D23-83C5-D49F2DEBB64F}.Release|Any CPU.Build.0 = Release|Any CPU
	EndGlobalSection
	GlobalSection(SolutionProperties) = preSolution
		HideSolutionNode = FALSE
	EndGlobalSection
	GlobalSection(ExtensibilityGlobals) = postSolution
		SolutionGuid = {5FF451D6-7F69-41C1-9E62-AEAF796CBC7C}
	EndGlobalSection
EndGlobal
