
Microsoft Visual Studio Solution File, Format Version 12.00
# Visual Studio Version 16
VisualStudioVersion = 16.0.31911.196
MinimumVisualStudioVersion = 10.0.40219.1
Project("{FAE04EC0-301F-11D3-BF4B-00C04F79EFBC}") = "MaiorIdade", "Cadastro\MaiorIdade.csproj", "{762BE272-5834-4933-AB9B-9BF2D0090997}"
EndProject
Project("{FAE04EC0-301F-11D3-BF4B-00C04F79EFBC}") = "Funcionario", "Funcionario\Funcionario.csproj", "{50E76EFE-5916-4295-B28D-70429F30008F}"
EndProject
Global
	GlobalSection(SolutionConfigurationPlatforms) = preSolution
		Debug|Any CPU = Debug|Any CPU
		Release|Any CPU = Release|Any CPU
	EndGlobalSection
	GlobalSection(ProjectConfigurationPlatforms) = postSolution
		{762BE272-5834-4933-AB9B-9BF2D0090997}.Debug|Any CPU.ActiveCfg = Debug|Any CPU
		{762BE272-5834-4933-AB9B-9BF2D0090997}.Debug|Any CPU.Build.0 = Debug|Any CPU
		{762BE272-5834-4933-AB9B-9BF2D0090997}.Release|Any CPU.ActiveCfg = Release|Any CPU
		{762BE272-5834-4933-AB9B-9BF2D0090997}.Release|Any CPU.Build.0 = Release|Any CPU
		{50E76EFE-5916-4295-B28D-70429F30008F}.Debug|Any CPU.ActiveCfg = Debug|Any CPU
		{50E76EFE-5916-4295-B28D-70429F30008F}.Debug|Any CPU.Build.0 = Debug|Any CPU
		{50E76EFE-5916-4295-B28D-70429F30008F}.Release|Any CPU.ActiveCfg = Release|Any CPU
		{50E76EFE-5916-4295-B28D-70429F30008F}.Release|Any CPU.Build.0 = Release|Any CPU
	EndGlobalSection
	GlobalSection(SolutionProperties) = preSolution
		HideSolutionNode = FALSE
	EndGlobalSection
	GlobalSection(ExtensibilityGlobals) = postSolution
		SolutionGuid = {A6C54695-FD6D-4202-B07B-7F4E5A686FE1}
	EndGlobalSection
EndGlobal
